
Microsoft Visual Studio Solution File, Format Version 12.00
# Visual Studio Version 17
VisualStudioVersion = 17.6.33829.357
MinimumVisualStudioVersion = 10.0.40219.1
Project("{FAE04EC0-301F-11D3-BF4B-00C04F79EFBC}") = "ProductModel", "Product\ProductModel.csproj", "{C5EFF02A-6F89-464F-A425-F9D9EDAF0329}"
EndProject
Global
	GlobalSection(SolutionConfigurationPlatforms) = preSolution
		Debug|Any CPU = Debug|Any CPU
		Release|Any CPU = Release|Any CPU
	EndGlobalSection
	GlobalSection(ProjectConfigurationPlatforms) = postSolution
		{C5EFF02A-6F89-464F-A425-F9D9EDAF0329}.Debug|Any CPU.ActiveCfg = Debug|Any CPU
		{C5EFF02A-6F89-464F-A425-F9D9EDAF0329}.Debug|Any CPU.Build.0 = Debug|Any CPU
		{C5EFF02A-6F89-464F-A425-F9D9EDAF0329}.Release|Any CPU.ActiveCfg = Release|Any CPU
		{C5EFF02A-6F89-464F-A425-F9D9EDAF0329}.Release|Any CPU.Build.0 = Release|Any CPU
	EndGlobalSection
	GlobalSection(SolutionProperties) = preSolution
		HideSolutionNode = FALSE
	EndGlobalSection
	GlobalSection(ExtensibilityGlobals) = postSolution
		SolutionGuid = {29859140-8A9E-4ED9-8345-58D8644FD2A0}
	EndGlobalSection
EndGlobal
