
Microsoft Visual Studio Solution File, Format Version 12.00
# Visual Studio Version 17
VisualStudioVersion = 17.6.33829.357
MinimumVisualStudioVersion = 10.0.40219.1
Project("{FAE04EC0-301F-11D3-BF4B-00C04F79EFBC}") = "OneToMany1", "OneToMany1\OneToMany1.csproj", "{EBA74846-7BCB-424C-8E1A-D0F37FFF8753}"
EndProject
Global
	GlobalSection(SolutionConfigurationPlatforms) = preSolution
		Debug|Any CPU = Debug|Any CPU
		Release|Any CPU = Release|Any CPU
	EndGlobalSection
	GlobalSection(ProjectConfigurationPlatforms) = postSolution
		{EBA74846-7BCB-424C-8E1A-D0F37FFF8753}.Debug|Any CPU.ActiveCfg = Debug|Any CPU
		{EBA74846-7BCB-424C-8E1A-D0F37FFF8753}.Debug|Any CPU.Build.0 = Debug|Any CPU
		{EBA74846-7BCB-424C-8E1A-D0F37FFF8753}.Release|Any CPU.ActiveCfg = Release|Any CPU
		{EBA74846-7BCB-424C-8E1A-D0F37FFF8753}.Release|Any CPU.Build.0 = Release|Any CPU
	EndGlobalSection
	GlobalSection(SolutionProperties) = preSolution
		HideSolutionNode = FALSE
	EndGlobalSection
	GlobalSection(ExtensibilityGlobals) = postSolution
		SolutionGuid = {3B3CE42E-DE6F-4EE4-AB90-B66C162A807C}
	EndGlobalSection
EndGlobal
